{
  "name": "prisma-extension-kysely",
  "version": "0.0.0",
  "lockfileVersion": 3,
  "requires": true,
  "packages": {
    "": {
      "name": "prisma-extension-kysely",
      "version": "0.0.0",
      "devDependencies": {
        "@prisma/client": "latest",
        "kysely": "^0.26.3",
        "prisma": "latest",
        "typescript": "4.9.4"
      },
      "peerDependencies": {
        "@prisma/client": "latest"
      }
    },
    "node_modules/@prisma/client": {
      "version": "5.6.0",
      "resolved": "https://registry.npmjs.org/@prisma/client/-/client-5.6.0.tgz",
      "integrity": "sha512-mUDefQFa1wWqk4+JhKPYq8BdVoFk9NFMBXUI8jAkBfQTtgx8WPx02U2HB/XbAz3GSUJpeJOKJQtNvaAIDs6sug==",
      "dev": true,
      "hasInstallScript": true,
      "dependencies": {
        "@prisma/engines-version": "5.6.0-32.e95e739751f42d8ca026f6b910f5a2dc5adeaeee"
      },
      "engines": {
        "node": ">=16.13"
      },
      "peerDependencies": {
        "prisma": "*"
      },
      "peerDependenciesMeta": {
        "prisma": {
          "optional": true
        }
      }
    },
    "node_modules/@prisma/engines": {
      "version": "5.6.0",
      "resolved": "https://registry.npmjs.org/@prisma/engines/-/engines-5.6.0.tgz",
      "integrity": "sha512-Mt2q+GNJpU2vFn6kif24oRSBQv1KOkYaterQsi0k2/lA+dLvhRX6Lm26gon6PYHwUM8/h8KRgXIUMU0PCLB6bw==",
      "dev": true,
      "hasInstallScript": true
    },
    "node_modules/@prisma/engines-version": {
      "version": "5.6.0-32.e95e739751f42d8ca026f6b910f5a2dc5adeaeee",
      "resolved": "https://registry.npmjs.org/@prisma/engines-version/-/engines-version-5.6.0-32.e95e739751f42d8ca026f6b910f5a2dc5adeaeee.tgz",
      "integrity": "sha512-UoFgbV1awGL/3wXuUK3GDaX2SolqczeeJ5b4FVec9tzeGbSWJboPSbT0psSrmgYAKiKnkOPFSLlH6+b+IyOwAw==",
      "dev": true
    },
    "node_modules/kysely": {
      "version": "0.26.3",
      "resolved": "https://registry.npmjs.org/kysely/-/kysely-0.26.3.tgz",
      "integrity": "sha512-yWSgGi9bY13b/W06DD2OCDDHQmq1kwTGYlQ4wpZkMOJqMGCstVCFIvxCCVG4KfY1/3G0MhDAcZsip/Lw8/vJWw==",
      "dev": true,
      "engines": {
        "node": ">=14.0.0"
      }
    },
    "node_modules/prisma": {
      "version": "5.6.0",
      "resolved": "https://registry.npmjs.org/prisma/-/prisma-5.6.0.tgz",
      "integrity": "sha512-EEaccku4ZGshdr2cthYHhf7iyvCcXqwJDvnoQRAJg5ge2Tzpv0e2BaMCp+CbbDUwoVTzwgOap9Zp+d4jFa2O9A==",
      "dev": true,
      "hasInstallScript": true,
      "dependencies": {
        "@prisma/engines": "5.6.0"
      },
      "bin": {
        "prisma": "build/index.js"
      },
      "engines": {
        "node": ">=16.13"
      }
    },
    "node_modules/typescript": {
      "version": "4.9.4",
      "resolved": "https://registry.npmjs.org/typescript/-/typescript-4.9.4.tgz",
      "integrity": "sha512-Uz+dTXYzxXXbsFpM86Wh3dKCxrQqUcVMxwU54orwlJjOpO3ao8L7j5lH+dWfTwgCwIuM9GQ2kvVotzYJMXTBZg==",
      "dev": true,
      "bin": {
        "tsc": "bin/tsc",
        "tsserver": "bin/tsserver"
      },
      "engines": {
        "node": ">=4.2.0"
      }
    }
  }
}
